
Microsoft Visual Studio Solution File, Format Version 12.00
# Visual Studio Version 17
VisualStudioVersion = 17.14.36603.0 d17.14
MinimumVisualStudioVersion = 10.0.40219.1
Project("{FAE04EC0-301F-11D3-BF4B-00C04F79EFBC}") = "Exam", "Exam\Exam.csproj", "{E09B49D3-458B-42C0-AC22-E81C06FAAD24}"
EndProject
Global
	GlobalSection(SolutionConfigurationPlatforms) = preSolution
		Debug|Any CPU = Debug|Any CPU
		Release|Any CPU = Release|Any CPU
	EndGlobalSection
	GlobalSection(ProjectConfigurationPlatforms) = postSolution
		{E09B49D3-458B-42C0-AC22-E81C06FAAD24}.Debug|Any CPU.ActiveCfg = Debug|Any CPU
		{E09B49D3-458B-42C0-AC22-E81C06FAAD24}.Debug|Any CPU.Build.0 = Debug|Any CPU
		{E09B49D3-458B-42C0-AC22-E81C06FAAD24}.Release|Any CPU.ActiveCfg = Release|Any CPU
		{E09B49D3-458B-42C0-AC22-E81C06FAAD24}.Release|Any CPU.Build.0 = Release|Any CPU
	EndGlobalSection
	GlobalSection(SolutionProperties) = preSolution
		HideSolutionNode = FALSE
	EndGlobalSection
	GlobalSection(ExtensibilityGlobals) = postSolution
		SolutionGuid = {5BAF0B8A-1A26-4B82-AC6A-C85C65235FE0}
	EndGlobalSection
EndGlobal
